// !$*UTF8*$!
{
	archiveVersion = 1;
	classes = {
	};
	objectVersion = 50;
	objects = {

/* Begin PBXBuildFile section */
		3410015B219E88A8008D7E22 /* AppDelegate.swift in Sources */ = {isa = PBXBuildFile; fileRef = 3410015A219E88A8008D7E22 /* AppDelegate.swift */; };
		3410015D219E88A8008D7E22 /* ViewController.swift in Sources */ = {isa = PBXBuildFile; fileRef = 3410015C219E88A8008D7E22 /* ViewController.swift */; };
		34100160219E88A8008D7E22 /* Main.storyboard in Resources */ = {isa = PBXBuildFile; fileRef = 3410015E219E88A8008D7E22 /* Main.storyboard */; };
		34100163219E88A8008D7E22 /* class_project.xcdatamodeld in Sources */ = {isa = PBXBuildFile; fileRef = 34100161219E88A8008D7E22 /* class_project.xcdatamodeld */; };
		34100165219E88A9008D7E22 /* Assets.xcassets in Resources */ = {isa = PBXBuildFile; fileRef = 34100164219E88A9008D7E22 /* Assets.xcassets */; };
		34100168219E88A9008D7E22 /* LaunchScreen.storyboard in Resources */ = {isa = PBXBuildFile; fileRef = 34100166219E88A9008D7E22 /* LaunchScreen.storyboard */; };
		34100170219E88CD008D7E22 /* MapViewController.swift in Sources */ = {isa = PBXBuildFile; fileRef = 3410016F219E88CD008D7E22 /* MapViewController.swift */; };
		34100173219E9FEB008D7E22 /* CoreLocation.framework in Frameworks */ = {isa = PBXBuildFile; fileRef = 34100172219E9FEB008D7E22 /* CoreLocation.framework */; };
/* End PBXBuildFile section */

/* Begin PBXFileReference section */
		34100157219E88A8008D7E22 /* class-project.app */ = {isa = PBXFileReference; explicitFileType = wrapper.application; includeInIndex = 0; path = "class-project.app"; sourceTree = BUILT_PRODUCTS_DIR; };
		3410015A219E88A8008D7E22 /* AppDelegate.swift */ = {isa = PBXFileReference; lastKnownFileType = sourcecode.swift; path = AppDelegate.swift; sourceTree = "<group>"; };
		3410015C219E88A8008D7E22 /* ViewController.swift */ = {isa = PBXFileReference; lastKnownFileType = sourcecode.swift; path = ViewController.swift; sourceTree = "<group>"; };
		3410015F219E88A8008D7E22 /* Base */ = {isa = PBXFileReference; lastKnownFileType = file.storyboard; name = Base; path = Base.lproj/Main.storyboard; sourceTree = "<group>"; };
		34100162219E88A8008D7E22 /* class_project.xcdatamodel */ = {isa = PBXFileReference; lastKnownFileType = wrapper.xcdatamodel; path = class_project.xcdatamodel; sourceTree = "<group>"; };
		34100164219E88A9008D7E22 /* Assets.xcassets */ = {isa = PBXFileReference; lastKnownFileType = folder.assetcatalog; path = Assets.xcassets; sourceTree = "<group>"; };
		34100167219E88A9008D7E22 /* Base */ = {isa = PBXFileReference; lastKnownFileType = file.storyboard; name = Base; path = Base.lproj/LaunchScreen.storyboard; sourceTree = "<group>"; };
		34100169219E88A9008D7E22 /* Info.plist */ = {isa = PBXFileReference; lastKnownFileType = text.plist.xml; path = Info.plist; sourceTree = "<group>"; };
		3410016F219E88CD008D7E22 /* MapViewController.swift */ = {isa = PBXFileReference; lastKnownFileType = sourcecode.swift; path = MapViewController.swift; sourceTree = "<group>"; };
		34100172219E9FEB008D7E22 /* CoreLocation.framework */ = {isa = PBXFileReference; lastKnownFileType = wrapper.framework; name = CoreLocation.framework; path = System/Library/Frameworks/CoreLocation.framework; sourceTree = SDKROOT; };
/* End PBXFileReference section */

/* Begin PBXFrameworksBuildPhase section */
		34100154219E88A8008D7E22 /* Frameworks */ = {
			isa = PBXFrameworksBuildPhase;
			buildActionMask = 2147483647;
			files = (
				34100173219E9FEB008D7E22 /* CoreLocation.framework in Frameworks */,
			);
			runOnlyForDeploymentPostprocessing = 0;
		};
/* End PBXFrameworksBuildPhase section */

/* Begin PBXGroup section */
		3410014E219E88A8008D7E22 = {
			isa = PBXGroup;
			children = (
				34100159219E88A8008D7E22 /* class-project */,
				34100158219E88A8008D7E22 /* Products */,
				34100171219E9FEB008D7E22 /* Frameworks */,
			);
			sourceTree = "<group>";
		};
		34100158219E88A8008D7E22 /* Products */ = {
			isa = PBXGroup;
			children = (
				34100157219E88A8008D7E22 /* class-project.app */,
			);
			name = Products;
			sourceTree = "<group>";
		};
		34100159219E88A8008D7E22 /* class-project */ = {
			isa = PBXGroup;
			children = (
				34100169219E88A9008D7E22 /* Info.plist */,
				3410015A219E88A8008D7E22 /* AppDelegate.swift */,
				3410016F219E88CD008D7E22 /* MapViewController.swift */,
				3410015C219E88A8008D7E22 /* ViewController.swift */,
				34100164219E88A9008D7E22 /* Assets.xcassets */,
				34100161219E88A8008D7E22 /* class_project.xcdatamodeld */,
				34100166219E88A9008D7E22 /* LaunchScreen.storyboard */,
				3410015E219E88A8008D7E22 /* Main.storyboard */,
			);
			path = "class-project";
			sourceTree = "<group>";
		};
		34100171219E9FEB008D7E22 /* Frameworks */ = {
			isa = PBXGroup;
			children = (
				34100172219E9FEB008D7E22 /* CoreLocation.framework */,
			);
			name = Frameworks;
			sourceTree = "<group>";
		};
/* End PBXGroup section */

/* Begin PBXNativeTarget section */
		34100156219E88A8008D7E22 /* class-project */ = {
			isa = PBXNativeTarget;
			buildConfigurationList = 3410016C219E88A9008D7E22 /* Build configuration list for PBXNativeTarget "class-project" */;
			buildPhases = (
				34100153219E88A8008D7E22 /* Sources */,
				34100154219E88A8008D7E22 /* Frameworks */,
				34100155219E88A8008D7E22 /* Resources */,
			);
			buildRules = (
			);
			dependencies = (
			);
			name = "class-project";
			productName = "class-project";
			productReference = 34100157219E88A8008D7E22 /* class-project.app */;
			productType = "com.apple.product-type.application";
		};
/* End PBXNativeTarget section */

/* Begin PBXProject section */
		3410014F219E88A8008D7E22 /* Project object */ = {
			isa = PBXProject;
			attributes = {
				LastSwiftUpdateCheck = 1010;
				LastUpgradeCheck = 1010;
				ORGANIZATIONNAME = "Jake Anderson";
				TargetAttributes = {
					34100156219E88A8008D7E22 = {
						CreatedOnToolsVersion = 10.1;
					};
				};
			};
			buildConfigurationList = 34100152219E88A8008D7E22 /* Build configuration list for PBXProject "class-project" */;
			compatibilityVersion = "Xcode 9.3";
			developmentRegion = en;
			hasScannedForEncodings = 0;
			knownRegions = (
				en,
				Base,
			);
			mainGroup = 3410014E219E88A8008D7E22;
			productRefGroup = 34100158219E88A8008D7E22 /* Products */;
			projectDirPath = "";
			projectRoot = "";
			targets = (
				34100156219E88A8008D7E22 /* class-project */,
			);
		};
/* End PBXProject section */

/* Begin PBXResourcesBuildPhase section */
		34100155219E88A8008D7E22 /* Resources */ = {
			isa = PBXResourcesBuildPhase;
			buildActionMask = 2147483647;
			files = (
				34100168219E88A9008D7E22 /* LaunchScreen.storyboard in Resources */,
				34100165219E88A9008D7E22 /* Assets.xcassets in Resources */,
				34100160219E88A8008D7E22 /* Main.storyboard in Resources */,
			);
			runOnlyForDeploymentPostprocessing = 0;
		};
/* End PBXResourcesBuildPhase section */

/* Begin PBXSourcesBuildPhase section */
		34100153219E88A8008D7E22 /* Sources */ = {
			isa = PBXSourcesBuildPhase;
			buildActionMask = 2147483647;
			files = (
				3410015D219E88A8008D7E22 /* ViewController.swift in Sources */,
				3410015B219E88A8008D7E22 /* AppDelegate.swift in Sources */,
				34100163219E88A8008D7E22 /* class_project.xcdatamodeld in Sources */,
				34100170219E88CD008D7E22 /* MapViewController.swift in Sources */,
			);
			runOnlyForDeploymentPostprocessing = 0;
		};
/* End PBXSourcesBuildPhase section */

/* Begin PBXVariantGroup section */
		3410015E219E88A8008D7E22 /* Main.storyboard */ = {
			isa = PBXVariantGroup;
			children = (
				3410015F219E88A8008D7E22 /* Base */,
			);
			name = Main.storyboard;
			sourceTree = "<group>";
		};
		34100166219E88A9008D7E22 /* LaunchScreen.storyboard */ = {
			isa = PBXVariantGroup;
			children = (
				34100167219E88A9008D7E22 /* Base */,
			);
			name = LaunchScreen.storyboard;
			sourceTree = "<group>";
		};
/* End PBXVariantGroup section */

/* Begin XCBuildConfiguration section */
		3410016A219E88A9008D7E22 /* Debug */ = {
			isa = XCBuildConfiguration;
			buildSettings = {
				ALWAYS_SEARCH_USER_PATHS = NO;
				CLANG_ANALYZER_NONNULL = YES;
				CLANG_ANALYZER_NUMBER_OBJECT_CONVERSION = YES_AGGRESSIVE;
				CLANG_CXX_LANGUAGE_STANDARD = "gnu++14";
				CLANG_CXX_LIBRARY = "libc++";
				CLANG_ENABLE_MODULES = YES;
				CLANG_ENABLE_OBJC_ARC = YES;
				CLANG_ENABLE_OBJC_WEAK = YES;
				CLANG_WARN_BLOCK_CAPTURE_AUTORELEASING = YES;
				CLANG_WARN_BOOL_CONVERSION = YES;
				CLANG_WARN_COMMA = YES;
				CLANG_WARN_CONSTANT_CONVERSION = YES;
				CLANG_WARN_DEPRECATED_OBJC_IMPLEMENTATIONS = YES;
				CLANG_WARN_DIRECT_OBJC_ISA_USAGE = YES_ERROR;
				CLANG_WARN_DOCUMENTATION_COMMENTS = YES;
				CLANG_WARN_EMPTY_BODY = YES;
				CLANG_WARN_ENUM_CONVERSION = YES;
				CLANG_WARN_INFINITE_RECURSION = YES;
				CLANG_WARN_INT_CONVERSION = YES;
				CLANG_WARN_NON_LITERAL_NULL_CONVERSION = YES;
				CLANG_WARN_OBJC_IMPLICIT_RETAIN_SELF = YES;
				CLANG_WARN_OBJC_LITERAL_CONVERSION = YES;
				CLANG_WARN_OBJC_ROOT_CLASS = YES_ERROR;
				CLANG_WARN_RANGE_LOOP_ANALYSIS = YES;
				CLANG_WARN_STRICT_PROTOTYPES = YES;
				CLANG_WARN_SUSPICIOUS_MOVE = YES;
				CLANG_WARN_UNGUARDED_AVAILABILITY = YES_AGGRESSIVE;
				CLANG_WARN_UNREACHABLE_CODE = YES;
				CLANG_WARN__DUPLICATE_METHOD_MATCH = YES;
				CODE_SIGN_IDENTITY = "iPhone Developer";
				COPY_PHASE_STRIP = NO;
				DEBUG_INFORMATION_FORMAT = dwarf;
				ENABLE_STRICT_OBJC_MSGSEND = YES;
				ENABLE_TESTABILITY = YES;
				GCC_C_LANGUAGE_STANDARD = gnu11;
				GCC_DYNAMIC_NO_PIC = NO;
				GCC_NO_COMMON_BLOCKS = YES;
				GCC_OPTIMIZATION_LEVEL = 0;
				GCC_PREPROCESSOR_DEFINITIONS = (
					"DEBUG=1",
					"$(inherited)",
				);
				GCC_WARN_64_TO_32_BIT_CONVERSION = YES;
				GCC_WARN_ABOUT_RETURN_TYPE = YES_ERROR;
				GCC_WARN_UNDECLARED_SELECTOR = YES;
				GCC_WARN_UNINITIALIZED_AUTOS = YES_AGGRESSIVE;
				GCC_WARN_UNUSED_FUNCTION = YES;
				GCC_WARN_UNUSED_VARIABLE = YES;
				IPHONEOS_DEPLOYMENT_TARGET = 12.1;
				MTL_ENABLE_DEBUG_INFO = INCLUDE_SOURCE;
				MTL_FAST_MATH = YES;
				ONLY_ACTIVE_ARCH = YES;
				SDKROOT = iphoneos;
				SWIFT_ACTIVE_COMPILATION_CONDITIONS = DEBUG;
				SWIFT_OPTIMIZATION_LEVEL = "-Onone";
			};
			name = Debug;
		};
		3410016B219E88A9008D7E22 /* Release */ = {
			isa = XCBuildConfiguration;
			buildSettings = {
				ALWAYS_SEARCH_USER_PATHS = NO;
				CLANG_ANALYZER_NONNULL = YES;
				CLANG_ANALYZER_NUMBER_OBJECT_CONVERSION = YES_AGGRESSIVE;
				CLANG_CXX_LANGUAGE_STANDARD = "gnu++14";
				CLANG_CXX_LIBRARY = "libc++";
				CLANG_ENABLE_MODULES = YES;
				CLANG_ENABLE_OBJC_ARC = YES;
				CLANG_ENABLE_OBJC_WEAK = YES;
				CLANG_WARN_BLOCK_CAPTURE_AUTORELEASING = YES;
				CLANG_WARN_BOOL_CONVERSION = YES;
				CLANG_WARN_COMMA = YES;
				CLANG_WARN_CONSTANT_CONVERSION = YES;
				CLANG_WARN_DEPRECATED_OBJC_IMPLEMENTATIONS = YES;
				CLANG_WARN_DIRECT_OBJC_ISA_USAGE = YES_ERROR;
				CLANG_WARN_DOCUMENTATION_COMMENTS = YES;
				CLANG_WARN_EMPTY_BODY = YES;
				CLANG_WARN_ENUM_CONVERSION = YES;
				CLANG_WARN_INFINITE_RECURSION = YES;
				CLANG_WARN_INT_CONVERSION = YES;
				CLANG_WARN_NON_LITERAL_NULL_CONVERSION = YES;
				CLANG_WARN_OBJC_IMPLICIT_RETAIN_SELF = YES;
				CLANG_WARN_OBJC_LITERAL_CONVERSION = YES;
				CLANG_WARN_OBJC_ROOT_CLASS = YES_ERROR;
				CLANG_WARN_RANGE_LOOP_ANALYSIS = YES;
				CLANG_WARN_STRICT_PROTOTYPES = YES;
				CLANG_WARN_SUSPICIOUS_MOVE = YES;
				CLANG_WARN_UNGUARDED_AVAILABILITY = YES_AGGRESSIVE;
				CLANG_WARN_UNREACHABLE_CODE = YES;
				CLANG_WARN__DUPLICATE_METHOD_MATCH = YES;
				CODE_SIGN_IDENTITY = "iPhone Developer";
				COPY_PHASE_STRIP = NO;
				DEBUG_INFORMATION_FORMAT = "dwarf-with-dsym";
				ENABLE_NS_ASSERTIONS = NO;
				ENABLE_STRICT_OBJC_MSGSEND = YES;
				GCC_C_LANGUAGE_STANDARD = gnu11;
				GCC_NO_COMMON_BLOCKS = YES;
				GCC_WARN_64_TO_32_BIT_CONVERSION = YES;
				GCC_WARN_ABOUT_RETURN_TYPE = YES_ERROR;
				GCC_WARN_UNDECLARED_SELECTOR = YES;
				GCC_WARN_UNINITIALIZED_AUTOS = YES_AGGRESSIVE;
				GCC_WARN_UNUSED_FUNCTION = YES;
				GCC_WARN_UNUSED_VARIABLE = YES;
				IPHONEOS_DEPLOYMENT_TARGET = 12.1;
				MTL_ENABLE_DEBUG_INFO = NO;
				MTL_FAST_MATH = YES;
				SDKROOT = iphoneos;
				SWIFT_COMPILATION_MODE = wholemodule;
				SWIFT_OPTIMIZATION_LEVEL = "-O";
				VALIDATE_PRODUCT = YES;
			};
			name = Release;
		};
		3410016D219E88A9008D7E22 /* Debug */ = {
			isa = XCBuildConfiguration;
			buildSettings = {
				ASSETCATALOG_COMPILER_APPICON_NAME = AppIcon;
				CODE_SIGN_STYLE = Automatic;
				DEVELOPMENT_TEAM = FBESLF297U;
				INFOPLIST_FILE = "class-project/Info.plist";
				LD_RUNPATH_SEARCH_PATHS = (
					"$(inherited)",
					"@executable_path/Frameworks",
				);
				PRODUCT_BUNDLE_IDENTIFIER = "JakeAnderson.class-project";
				PRODUCT_NAME = "$(TARGET_NAME)";
				SWIFT_VERSION = 4.2;
				TARGETED_DEVICE_FAMILY = "1,2";
			};
			name = Debug;
		};
		3410016E219E88A9008D7E22 /* Release */ = {
			isa = XCBuildConfiguration;
			buildSettings = {
				ASSETCATALOG_COMPILER_APPICON_NAME = AppIcon;
				CODE_SIGN_STYLE = Automatic;
				DEVELOPMENT_TEAM = FBESLF297U;
				INFOPLIST_FILE = "class-project/Info.plist";
				LD_RUNPATH_SEARCH_PATHS = (
					"$(inherited)",
					"@executable_path/Frameworks",
				);
				PRODUCT_BUNDLE_IDENTIFIER = "JakeAnderson.class-project";
				PRODUCT_NAME = "$(TARGET_NAME)";
				SWIFT_VERSION = 4.2;
				TARGETED_DEVICE_FAMILY = "1,2";
			};
			name = Release;
		};
/* End XCBuildConfiguration section */

/* Begin XCConfigurationList section */
		34100152219E88A8008D7E22 /* Build configuration list for PBXProject "class-project" */ = {
			isa = XCConfigurationList;
			buildConfigurations = (
				3410016A219E88A9008D7E22 /* Debug */,
				3410016B219E88A9008D7E22 /* Release */,
			);
			defaultConfigurationIsVisible = 0;
			defaultConfigurationName = Release;
		};
		3410016C219E88A9008D7E22 /* Build configuration list for PBXNativeTarget "class-project" */ = {
			isa = XCConfigurationList;
			buildConfigurations = (
				3410016D219E88A9008D7E22 /* Debug */,
				3410016E219E88A9008D7E22 /* Release */,
			);
			defaultConfigurationIsVisible = 0;
			defaultConfigurationName = Release;
		};
/* End XCConfigurationList section */

/* Begin XCVersionGroup section */
		34100161219E88A8008D7E22 /* class_project.xcdatamodeld */ = {
			isa = XCVersionGroup;
			children = (
				34100162219E88A8008D7E22 /* class_project.xcdatamodel */,
			);
			currentVersion = 34100162219E88A8008D7E22 /* class_project.xcdatamodel */;
			path = class_project.xcdatamodeld;
			sourceTree = "<group>";
			versionGroupType = wrapper.xcdatamodel;
		};
/* End XCVersionGroup section */
	};
	rootObject = 3410014F219E88A8008D7E22 /* Project object */;
}
